
Microsoft Visual Studio Solution File, Format Version 12.00
# Visual Studio 2013
VisualStudioVersion = 12.0.31101.0
MinimumVisualStudioVersion = 10.0.40219.1
Project("{FAE04EC0-301F-11D3-BF4B-00C04F79EFBC}") = "GitHubExtension", "GitHubExtension\GitHubExtension.csproj", "{848A709C-6756-4790-BBAE-C13D1C7D496C}"
EndProject
Project("{2150E333-8FDC-42A3-9474-1A3956D46DE8}") = "Solution Items", "Solution Items", "{49156AED-CE96-446A-B09C-3282E05A6F17}"
	ProjectSection(SolutionItems) = preProject
		.editorconfig = .editorconfig
		.gitattributes = .gitattributes
		.gitignore = .gitignore
		CHANGELOG.md = CHANGELOG.md
		Checklist.md = Checklist.md
		LICENSE = LICENSE
		README.md = README.md
	EndProjectSection
EndProject
Project("{FAE04EC0-301F-11D3-BF4B-00C04F79EFBC}") = "GitHubIssues", "GitHubIssues\GitHubIssues.csproj", "{64740CE5-68C6-4B63-B607-831BF8C205F0}"
EndProject
Project("{FAE04EC0-301F-11D3-BF4B-00C04F79EFBC}") = "GitHubExtension.Test", "GitHubExtension.Test\GitHubExtension.Test.csproj", "{CF36DB6C-FA8F-4102-B042-9BC990202DE9}"
EndProject
Global
	GlobalSection(SolutionConfigurationPlatforms) = preSolution
		Debug|Any CPU = Debug|Any CPU
		Release|Any CPU = Release|Any CPU
	EndGlobalSection
	GlobalSection(ProjectConfigurationPlatforms) = postSolution
		{848A709C-6756-4790-BBAE-C13D1C7D496C}.Debug|Any CPU.ActiveCfg = Debug|Any CPU
		{848A709C-6756-4790-BBAE-C13D1C7D496C}.Debug|Any CPU.Build.0 = Debug|Any CPU
		{848A709C-6756-4790-BBAE-C13D1C7D496C}.Release|Any CPU.ActiveCfg = Release|Any CPU
		{848A709C-6756-4790-BBAE-C13D1C7D496C}.Release|Any CPU.Build.0 = Release|Any CPU
		{64740CE5-68C6-4B63-B607-831BF8C205F0}.Debug|Any CPU.ActiveCfg = Debug|Any CPU
		{64740CE5-68C6-4B63-B607-831BF8C205F0}.Debug|Any CPU.Build.0 = Debug|Any CPU
		{64740CE5-68C6-4B63-B607-831BF8C205F0}.Release|Any CPU.ActiveCfg = Release|Any CPU
		{64740CE5-68C6-4B63-B607-831BF8C205F0}.Release|Any CPU.Build.0 = Release|Any CPU
		{CF36DB6C-FA8F-4102-B042-9BC990202DE9}.Debug|Any CPU.ActiveCfg = Debug|Any CPU
		{CF36DB6C-FA8F-4102-B042-9BC990202DE9}.Debug|Any CPU.Build.0 = Debug|Any CPU
		{CF36DB6C-FA8F-4102-B042-9BC990202DE9}.Release|Any CPU.ActiveCfg = Release|Any CPU
		{CF36DB6C-FA8F-4102-B042-9BC990202DE9}.Release|Any CPU.Build.0 = Release|Any CPU
	EndGlobalSection
	GlobalSection(SolutionProperties) = preSolution
		HideSolutionNode = FALSE
	EndGlobalSection
EndGlobal
